
Microsoft Visual Studio Solution File, Format Version 12.00
# Visual Studio 15
VisualStudioVersion = 15.0.26730.3
MinimumVisualStudioVersion = 10.0.40219.1
Project("{FAE04EC0-301F-11D3-BF4B-00C04F79EFBC}") = "Project", "Project\Project.csproj", "{15C57673-E0BA-4249-8367-1E9267FB103B}"
EndProject
Project("{FAE04EC0-301F-11D3-BF4B-00C04F79EFBC}") = "Bootstrap_Mvc", "Bootstrap_Mvc\Bootstrap_Mvc.csproj", "{EFE7F915-75B0-4F1D-B22E-BAF9AAF8A6E1}"
EndProject
Project("{FAE04EC0-301F-11D3-BF4B-00C04F79EFBC}") = "Common", "Common\Common.csproj", "{1C927636-62C2-428C-93A4-209246BA1CCC}"
EndProject
Project("{FAE04EC0-301F-11D3-BF4B-00C04F79EFBC}") = "Bootstrp_Webform", "Bootstrp_Webform\Bootstrp_Webform.csproj", "{44C0682D-4527-41D6-8F40-611B34A51730}"
EndProject
Project("{2150E333-8FDC-42A3-9474-1A3956D46DE8}") = "Bootstrap_Mvc", "Bootstrap_Mvc", "{06037254-B822-43E5-B29B-AC9DE76A55D2}"
EndProject
Project("{2150E333-8FDC-42A3-9474-1A3956D46DE8}") = "Bootstrp_Webform", "Bootstrp_Webform", "{AC89F87E-6C6B-4D39-9900-CA380B20D0B0}"
EndProject
Project("{FAE04EC0-301F-11D3-BF4B-00C04F79EFBC}") = "Model", "Model\Model.csproj", "{607C3ED4-22C6-4059-AB2A-8CB8AA25950C}"
EndProject
Project("{FAE04EC0-301F-11D3-BF4B-00C04F79EFBC}") = "Dal", "Dal\Dal.csproj", "{BF905E06-79A0-47D9-9204-A2C1BD9DF99A}"
EndProject
Project("{FAE04EC0-301F-11D3-BF4B-00C04F79EFBC}") = "Bll", "Bll\Bll.csproj", "{C23987AD-981B-496F-A47D-36BAFD5CFFB0}"
EndProject
Global
	GlobalSection(SolutionConfigurationPlatforms) = preSolution
		Debug|Any CPU = Debug|Any CPU
		Release|Any CPU = Release|Any CPU
	EndGlobalSection
	GlobalSection(ProjectConfigurationPlatforms) = postSolution
		{15C57673-E0BA-4249-8367-1E9267FB103B}.Debug|Any CPU.ActiveCfg = Debug|Any CPU
		{15C57673-E0BA-4249-8367-1E9267FB103B}.Debug|Any CPU.Build.0 = Debug|Any CPU
		{15C57673-E0BA-4249-8367-1E9267FB103B}.Release|Any CPU.ActiveCfg = Release|Any CPU
		{15C57673-E0BA-4249-8367-1E9267FB103B}.Release|Any CPU.Build.0 = Release|Any CPU
		{EFE7F915-75B0-4F1D-B22E-BAF9AAF8A6E1}.Debug|Any CPU.ActiveCfg = Debug|Any CPU
		{EFE7F915-75B0-4F1D-B22E-BAF9AAF8A6E1}.Debug|Any CPU.Build.0 = Debug|Any CPU
		{EFE7F915-75B0-4F1D-B22E-BAF9AAF8A6E1}.Release|Any CPU.ActiveCfg = Release|Any CPU
		{EFE7F915-75B0-4F1D-B22E-BAF9AAF8A6E1}.Release|Any CPU.Build.0 = Release|Any CPU
		{1C927636-62C2-428C-93A4-209246BA1CCC}.Debug|Any CPU.ActiveCfg = Debug|Any CPU
		{1C927636-62C2-428C-93A4-209246BA1CCC}.Debug|Any CPU.Build.0 = Debug|Any CPU
		{1C927636-62C2-428C-93A4-209246BA1CCC}.Release|Any CPU.ActiveCfg = Release|Any CPU
		{1C927636-62C2-428C-93A4-209246BA1CCC}.Release|Any CPU.Build.0 = Release|Any CPU
		{44C0682D-4527-41D6-8F40-611B34A51730}.Debug|Any CPU.ActiveCfg = Debug|Any CPU
		{44C0682D-4527-41D6-8F40-611B34A51730}.Debug|Any CPU.Build.0 = Debug|Any CPU
		{44C0682D-4527-41D6-8F40-611B34A51730}.Release|Any CPU.ActiveCfg = Release|Any CPU
		{44C0682D-4527-41D6-8F40-611B34A51730}.Release|Any CPU.Build.0 = Release|Any CPU
		{607C3ED4-22C6-4059-AB2A-8CB8AA25950C}.Debug|Any CPU.ActiveCfg = Debug|Any CPU
		{607C3ED4-22C6-4059-AB2A-8CB8AA25950C}.Debug|Any CPU.Build.0 = Debug|Any CPU
		{607C3ED4-22C6-4059-AB2A-8CB8AA25950C}.Release|Any CPU.ActiveCfg = Release|Any CPU
		{607C3ED4-22C6-4059-AB2A-8CB8AA25950C}.Release|Any CPU.Build.0 = Release|Any CPU
		{BF905E06-79A0-47D9-9204-A2C1BD9DF99A}.Debug|Any CPU.ActiveCfg = Debug|Any CPU
		{BF905E06-79A0-47D9-9204-A2C1BD9DF99A}.Debug|Any CPU.Build.0 = Debug|Any CPU
		{BF905E06-79A0-47D9-9204-A2C1BD9DF99A}.Release|Any CPU.ActiveCfg = Release|Any CPU
		{BF905E06-79A0-47D9-9204-A2C1BD9DF99A}.Release|Any CPU.Build.0 = Release|Any CPU
		{C23987AD-981B-496F-A47D-36BAFD5CFFB0}.Debug|Any CPU.ActiveCfg = Debug|Any CPU
		{C23987AD-981B-496F-A47D-36BAFD5CFFB0}.Debug|Any CPU.Build.0 = Debug|Any CPU
		{C23987AD-981B-496F-A47D-36BAFD5CFFB0}.Release|Any CPU.ActiveCfg = Release|Any CPU
		{C23987AD-981B-496F-A47D-36BAFD5CFFB0}.Release|Any CPU.Build.0 = Release|Any CPU
	EndGlobalSection
	GlobalSection(SolutionProperties) = preSolution
		HideSolutionNode = FALSE
	EndGlobalSection
	GlobalSection(NestedProjects) = preSolution
		{EFE7F915-75B0-4F1D-B22E-BAF9AAF8A6E1} = {06037254-B822-43E5-B29B-AC9DE76A55D2}
		{1C927636-62C2-428C-93A4-209246BA1CCC} = {06037254-B822-43E5-B29B-AC9DE76A55D2}
		{44C0682D-4527-41D6-8F40-611B34A51730} = {AC89F87E-6C6B-4D39-9900-CA380B20D0B0}
		{607C3ED4-22C6-4059-AB2A-8CB8AA25950C} = {AC89F87E-6C6B-4D39-9900-CA380B20D0B0}
		{BF905E06-79A0-47D9-9204-A2C1BD9DF99A} = {AC89F87E-6C6B-4D39-9900-CA380B20D0B0}
		{C23987AD-981B-496F-A47D-36BAFD5CFFB0} = {AC89F87E-6C6B-4D39-9900-CA380B20D0B0}
	EndGlobalSection
	GlobalSection(ExtensibilityGlobals) = postSolution
		SolutionGuid = {F1CB8F6F-A4A9-45B5-87B4-CE2C75D22ED7}
	EndGlobalSection
EndGlobal
